
Microsoft Visual Studio Solution File, Format Version 12.00
# Visual Studio Version 17
VisualStudioVersion = 17.11.35219.272
MinimumVisualStudioVersion = 10.0.40219.1
Project("{F184B08F-C81C-45F6-A57F-5ABD9991F28F}") = "faranali(a2 code12)", "faranali(a2 code12).vbproj", "{FB2442F0-4630-435F-A9A3-1159FE6F08D1}"
EndProject
Global
	GlobalSection(SolutionConfigurationPlatforms) = preSolution
		Debug|Any CPU = Debug|Any CPU
		Release|Any CPU = Release|Any CPU
	EndGlobalSection
	GlobalSection(ProjectConfigurationPlatforms) = postSolution
		{FB2442F0-4630-435F-A9A3-1159FE6F08D1}.Debug|Any CPU.ActiveCfg = Debug|Any CPU
		{FB2442F0-4630-435F-A9A3-1159FE6F08D1}.Debug|Any CPU.Build.0 = Debug|Any CPU
		{FB2442F0-4630-435F-A9A3-1159FE6F08D1}.Release|Any CPU.ActiveCfg = Release|Any CPU
		{FB2442F0-4630-435F-A9A3-1159FE6F08D1}.Release|Any CPU.Build.0 = Release|Any CPU
	EndGlobalSection
	GlobalSection(SolutionProperties) = preSolution
		HideSolutionNode = FALSE
	EndGlobalSection
	GlobalSection(ExtensibilityGlobals) = postSolution
		SolutionGuid = {9BBAD0E2-E620-4F2D-8BDE-C5134CE3CCE9}
	EndGlobalSection
EndGlobal
